// !$*UTF8*$!
{
	archiveVersion = 1;
	classes = {
	};
	objectVersion = 77;
	objects = {

/* Begin PBXBuildFile section */
		2B06AC842D752EC20004730A /* FirebaseAnalytics in Frameworks */ = {isa = PBXBuildFile; productRef = 2B06AC832D752EC20004730A /* FirebaseAnalytics */; };
		2B06AC862D752EC20004730A /* FirebaseAnalyticsOnDeviceConversion in Frameworks */ = {isa = PBXBuildFile; productRef = 2B06AC852D752EC20004730A /* FirebaseAnalyticsOnDeviceConversion */; };
		2B06AC882D752EC20004730A /* FirebaseAnalyticsWithoutAdIdSupport in Frameworks */ = {isa = PBXBuildFile; productRef = 2B06AC872D752EC20004730A /* FirebaseAnalyticsWithoutAdIdSupport */; };
		2B06AC8A2D752EC20004730A /* FirebaseAppCheck in Frameworks */ = {isa = PBXBuildFile; productRef = 2B06AC892D752EC20004730A /* FirebaseAppCheck */; };
		2B06AC8C2D752EC20004730A /* FirebaseAppDistribution-Beta in Frameworks */ = {isa = PBXBuildFile; productRef = 2B06AC8B2D752EC20004730A /* FirebaseAppDistribution-Beta */; };
		2B06AC8E2D752EC20004730A /* FirebaseAuth in Frameworks */ = {isa = PBXBuildFile; productRef = 2B06AC8D2D752EC20004730A /* FirebaseAuth */; };
		2B06AC902D752EC20004730A /* FirebaseAuthCombine-Community in Frameworks */ = {isa = PBXBuildFile; productRef = 2B06AC8F2D752EC20004730A /* FirebaseAuthCombine-Community */; };
		2B06AC922D752EC20004730A /* FirebaseCore in Frameworks */ = {isa = PBXBuildFile; productRef = 2B06AC912D752EC20004730A /* FirebaseCore */; };
		2B06AC942D752EC20004730A /* FirebaseCrashlytics in Frameworks */ = {isa = PBXBuildFile; productRef = 2B06AC932D752EC20004730A /* FirebaseCrashlytics */; };
		2B06AC962D752EC20004730A /* FirebaseDatabase in Frameworks */ = {isa = PBXBuildFile; productRef = 2B06AC952D752EC20004730A /* FirebaseDatabase */; };
		2B06AC982D752EC20004730A /* FirebaseDynamicLinks in Frameworks */ = {isa = PBXBuildFile; productRef = 2B06AC972D752EC20004730A /* FirebaseDynamicLinks */; };
		2B06AC9A2D752EC20004730A /* FirebaseFirestore in Frameworks */ = {isa = PBXBuildFile; productRef = 2B06AC992D752EC20004730A /* FirebaseFirestore */; };
		2B06AC9C2D752EC20004730A /* FirebaseFirestoreCombine-Community in Frameworks */ = {isa = PBXBuildFile; productRef = 2B06AC9B2D752EC20004730A /* FirebaseFirestoreCombine-Community */; };
		2B06AC9E2D752EC20004730A /* FirebaseFunctions in Frameworks */ = {isa = PBXBuildFile; productRef = 2B06AC9D2D752EC20004730A /* FirebaseFunctions */; };
		2B06ACA02D752EC20004730A /* FirebaseFunctionsCombine-Community in Frameworks */ = {isa = PBXBuildFile; productRef = 2B06AC9F2D752EC20004730A /* FirebaseFunctionsCombine-Community */; };
		2B06ACA22D752EC20004730A /* FirebaseInAppMessaging-Beta in Frameworks */ = {isa = PBXBuildFile; productRef = 2B06ACA12D752EC20004730A /* FirebaseInAppMessaging-Beta */; };
		2B06ACA42D752EC20004730A /* FirebaseInstallations in Frameworks */ = {isa = PBXBuildFile; productRef = 2B06ACA32D752EC20004730A /* FirebaseInstallations */; };
		2B06ACA62D752EC20004730A /* FirebaseMLModelDownloader in Frameworks */ = {isa = PBXBuildFile; productRef = 2B06ACA52D752EC20004730A /* FirebaseMLModelDownloader */; };
		2B06ACA82D752EC20004730A /* FirebaseMessaging in Frameworks */ = {isa = PBXBuildFile; productRef = 2B06ACA72D752EC20004730A /* FirebaseMessaging */; };
		2B06ACAA2D752EC20004730A /* FirebasePerformance in Frameworks */ = {isa = PBXBuildFile; productRef = 2B06ACA92D752EC20004730A /* FirebasePerformance */; };
		2B06ACAC2D752EC20004730A /* FirebaseRemoteConfig in Frameworks */ = {isa = PBXBuildFile; productRef = 2B06ACAB2D752EC20004730A /* FirebaseRemoteConfig */; };
		2B06ACAE2D752EC20004730A /* FirebaseStorage in Frameworks */ = {isa = PBXBuildFile; productRef = 2B06ACAD2D752EC20004730A /* FirebaseStorage */; };
		2B06ACB02D752EC20004730A /* FirebaseStorageCombine-Community in Frameworks */ = {isa = PBXBuildFile; productRef = 2B06ACAF2D752EC20004730A /* FirebaseStorageCombine-Community */; };
		2B06ACB22D752EC20004730A /* FirebaseVertexAI in Frameworks */ = {isa = PBXBuildFile; productRef = 2B06ACB12D752EC20004730A /* FirebaseVertexAI */; };
/* End PBXBuildFile section */

/* Begin PBXContainerItemProxy section */
		2B63D9C02D6135B70042BCE7 /* PBXContainerItemProxy */ = {
			isa = PBXContainerItemProxy;
			containerPortal = 2B63D9A72D6135B60042BCE7 /* Project object */;
			proxyType = 1;
			remoteGlobalIDString = 2B63D9AE2D6135B60042BCE7;
			remoteInfo = pinpoint;
		};
		2B63D9CA2D6135B70042BCE7 /* PBXContainerItemProxy */ = {
			isa = PBXContainerItemProxy;
			containerPortal = 2B63D9A72D6135B60042BCE7 /* Project object */;
			proxyType = 1;
			remoteGlobalIDString = 2B63D9AE2D6135B60042BCE7;
			remoteInfo = pinpoint;
		};
/* End PBXContainerItemProxy section */

/* Begin PBXFileReference section */
		2B63D9AF2D6135B60042BCE7 /* pinpoint.app */ = {isa = PBXFileReference; explicitFileType = wrapper.application; includeInIndex = 0; path = pinpoint.app; sourceTree = BUILT_PRODUCTS_DIR; };
		2B63D9BF2D6135B70042BCE7 /* pinpointTests.xctest */ = {isa = PBXFileReference; explicitFileType = wrapper.cfbundle; includeInIndex = 0; path = pinpointTests.xctest; sourceTree = BUILT_PRODUCTS_DIR; };
		2B63D9C92D6135B70042BCE7 /* pinpointUITests.xctest */ = {isa = PBXFileReference; explicitFileType = wrapper.cfbundle; includeInIndex = 0; path = pinpointUITests.xctest; sourceTree = BUILT_PRODUCTS_DIR; };
/* End PBXFileReference section */

/* Begin PBXFileSystemSynchronizedBuildFileExceptionSet section */
		2B4E26632D7409C70022B05F /* Exceptions for "pinpoint" folder in "pinpoint" target */ = {
			isa = PBXFileSystemSynchronizedBuildFileExceptionSet;
			membershipExceptions = (
				Info.plist,
			);
			target = 2B63D9AE2D6135B60042BCE7 /* pinpoint */;
		};
/* End PBXFileSystemSynchronizedBuildFileExceptionSet section */

/* Begin PBXFileSystemSynchronizedRootGroup section */
		2B63D9B12D6135B60042BCE7 /* pinpoint */ = {
			isa = PBXFileSystemSynchronizedRootGroup;
			exceptions = (
				2B4E26632D7409C70022B05F /* Exceptions for "pinpoint" folder in "pinpoint" target */,
			);
			path = pinpoint;
			sourceTree = "<group>";
		};
		2B63D9C22D6135B70042BCE7 /* pinpointTests */ = {
			isa = PBXFileSystemSynchronizedRootGroup;
			path = pinpointTests;
			sourceTree = "<group>";
		};
		2B63D9CC2D6135B70042BCE7 /* pinpointUITests */ = {
			isa = PBXFileSystemSynchronizedRootGroup;
			path = pinpointUITests;
			sourceTree = "<group>";
		};
/* End PBXFileSystemSynchronizedRootGroup section */

/* Begin PBXFrameworksBuildPhase section */
		2B63D9AC2D6135B60042BCE7 /* Frameworks */ = {
			isa = PBXFrameworksBuildPhase;
			buildActionMask = 2147483647;
			files = (
				2B06AC9C2D752EC20004730A /* FirebaseFirestoreCombine-Community in Frameworks */,
				2B06ACB22D752EC20004730A /* FirebaseVertexAI in Frameworks */,
				2B06AC9E2D752EC20004730A /* FirebaseFunctions in Frameworks */,
				2B06ACAA2D752EC20004730A /* FirebasePerformance in Frameworks */,
				2B06ACB02D752EC20004730A /* FirebaseStorageCombine-Community in Frameworks */,
				2B06ACAC2D752EC20004730A /* FirebaseRemoteConfig in Frameworks */,
				2B06AC962D752EC20004730A /* FirebaseDatabase in Frameworks */,
				2B06AC982D752EC20004730A /* FirebaseDynamicLinks in Frameworks */,
				2B06AC8A2D752EC20004730A /* FirebaseAppCheck in Frameworks */,
				2B06AC8E2D752EC20004730A /* FirebaseAuth in Frameworks */,
				2B06AC842D752EC20004730A /* FirebaseAnalytics in Frameworks */,
				2B06AC9A2D752EC20004730A /* FirebaseFirestore in Frameworks */,
				2B06ACA82D752EC20004730A /* FirebaseMessaging in Frameworks */,
				2B06ACA42D752EC20004730A /* FirebaseInstallations in Frameworks */,
				2B06ACA02D752EC20004730A /* FirebaseFunctionsCombine-Community in Frameworks */,
				2B06AC8C2D752EC20004730A /* FirebaseAppDistribution-Beta in Frameworks */,
				2B06AC882D752EC20004730A /* FirebaseAnalyticsWithoutAdIdSupport in Frameworks */,
				2B06ACA22D752EC20004730A /* FirebaseInAppMessaging-Beta in Frameworks */,
				2B06AC902D752EC20004730A /* FirebaseAuthCombine-Community in Frameworks */,
				2B06AC942D752EC20004730A /* FirebaseCrashlytics in Frameworks */,
				2B06ACA62D752EC20004730A /* FirebaseMLModelDownloader in Frameworks */,
				2B06ACAE2D752EC20004730A /* FirebaseStorage in Frameworks */,
				2B06AC922D752EC20004730A /* FirebaseCore in Frameworks */,
				2B06AC862D752EC20004730A /* FirebaseAnalyticsOnDeviceConversion in Frameworks */,
			);
			runOnlyForDeploymentPostprocessing = 0;
		};
		2B63D9BC2D6135B70042BCE7 /* Frameworks */ = {
			isa = PBXFrameworksBuildPhase;
			buildActionMask = 2147483647;
			files = (
			);
			runOnlyForDeploymentPostprocessing = 0;
		};
		2B63D9C62D6135B70042BCE7 /* Frameworks */ = {
			isa = PBXFrameworksBuildPhase;
			buildActionMask = 2147483647;
			files = (
			);
			runOnlyForDeploymentPostprocessing = 0;
		};
/* End PBXFrameworksBuildPhase section */

/* Begin PBXGroup section */
		2B63D9A62D6135B60042BCE7 = {
			isa = PBXGroup;
			children = (
				2B63D9B12D6135B60042BCE7 /* pinpoint */,
				2B63D9C22D6135B70042BCE7 /* pinpointTests */,
				2B63D9CC2D6135B70042BCE7 /* pinpointUITests */,
				2B63D9B02D6135B60042BCE7 /* Products */,
			);
			sourceTree = "<group>";
		};
		2B63D9B02D6135B60042BCE7 /* Products */ = {
			isa = PBXGroup;
			children = (
				2B63D9AF2D6135B60042BCE7 /* pinpoint.app */,
				2B63D9BF2D6135B70042BCE7 /* pinpointTests.xctest */,
				2B63D9C92D6135B70042BCE7 /* pinpointUITests.xctest */,
			);
			name = Products;
			sourceTree = "<group>";
		};
/* End PBXGroup section */

/* Begin PBXNativeTarget section */
		2B63D9AE2D6135B60042BCE7 /* pinpoint */ = {
			isa = PBXNativeTarget;
			buildConfigurationList = 2B63D9D32D6135B70042BCE7 /* Build configuration list for PBXNativeTarget "pinpoint" */;
			buildPhases = (
				2B63D9AB2D6135B60042BCE7 /* Sources */,
				2B63D9AC2D6135B60042BCE7 /* Frameworks */,
				2B63D9AD2D6135B60042BCE7 /* Resources */,
			);
			buildRules = (
			);
			dependencies = (
			);
			fileSystemSynchronizedGroups = (
				2B63D9B12D6135B60042BCE7 /* pinpoint */,
			);
			name = pinpoint;
			packageProductDependencies = (
				2B06AC832D752EC20004730A /* FirebaseAnalytics */,
				2B06AC852D752EC20004730A /* FirebaseAnalyticsOnDeviceConversion */,
				2B06AC872D752EC20004730A /* FirebaseAnalyticsWithoutAdIdSupport */,
				2B06AC892D752EC20004730A /* FirebaseAppCheck */,
				2B06AC8B2D752EC20004730A /* FirebaseAppDistribution-Beta */,
				2B06AC8D2D752EC20004730A /* FirebaseAuth */,
				2B06AC8F2D752EC20004730A /* FirebaseAuthCombine-Community */,
				2B06AC912D752EC20004730A /* FirebaseCore */,
				2B06AC932D752EC20004730A /* FirebaseCrashlytics */,
				2B06AC952D752EC20004730A /* FirebaseDatabase */,
				2B06AC972D752EC20004730A /* FirebaseDynamicLinks */,
				2B06AC992D752EC20004730A /* FirebaseFirestore */,
				2B06AC9B2D752EC20004730A /* FirebaseFirestoreCombine-Community */,
				2B06AC9D2D752EC20004730A /* FirebaseFunctions */,
				2B06AC9F2D752EC20004730A /* FirebaseFunctionsCombine-Community */,
				2B06ACA12D752EC20004730A /* FirebaseInAppMessaging-Beta */,
				2B06ACA32D752EC20004730A /* FirebaseInstallations */,
				2B06ACA52D752EC20004730A /* FirebaseMLModelDownloader */,
				2B06ACA72D752EC20004730A /* FirebaseMessaging */,
				2B06ACA92D752EC20004730A /* FirebasePerformance */,
				2B06ACAB2D752EC20004730A /* FirebaseRemoteConfig */,
				2B06ACAD2D752EC20004730A /* FirebaseStorage */,
				2B06ACAF2D752EC20004730A /* FirebaseStorageCombine-Community */,
				2B06ACB12D752EC20004730A /* FirebaseVertexAI */,
			);
			productName = pinpoint;
			productReference = 2B63D9AF2D6135B60042BCE7 /* pinpoint.app */;
			productType = "com.apple.product-type.application";
		};
		2B63D9BE2D6135B70042BCE7 /* pinpointTests */ = {
			isa = PBXNativeTarget;
			buildConfigurationList = 2B63D9D62D6135B70042BCE7 /* Build configuration list for PBXNativeTarget "pinpointTests" */;
			buildPhases = (
				2B63D9BB2D6135B70042BCE7 /* Sources */,
				2B63D9BC2D6135B70042BCE7 /* Frameworks */,
				2B63D9BD2D6135B70042BCE7 /* Resources */,
			);
			buildRules = (
			);
			dependencies = (
				2B63D9C12D6135B70042BCE7 /* PBXTargetDependency */,
			);
			fileSystemSynchronizedGroups = (
				2B63D9C22D6135B70042BCE7 /* pinpointTests */,
			);
			name = pinpointTests;
			packageProductDependencies = (
			);
			productName = pinpointTests;
			productReference = 2B63D9BF2D6135B70042BCE7 /* pinpointTests.xctest */;
			productType = "com.apple.product-type.bundle.unit-test";
		};
		2B63D9C82D6135B70042BCE7 /* pinpointUITests */ = {
			isa = PBXNativeTarget;
			buildConfigurationList = 2B63D9D92D6135B70042BCE7 /* Build configuration list for PBXNativeTarget "pinpointUITests" */;
			buildPhases = (
				2B63D9C52D6135B70042BCE7 /* Sources */,
				2B63D9C62D6135B70042BCE7 /* Frameworks */,
				2B63D9C72D6135B70042BCE7 /* Resources */,
			);
			buildRules = (
			);
			dependencies = (
				2B63D9CB2D6135B70042BCE7 /* PBXTargetDependency */,
			);
			fileSystemSynchronizedGroups = (
				2B63D9CC2D6135B70042BCE7 /* pinpointUITests */,
			);
			name = pinpointUITests;
			packageProductDependencies = (
			);
			productName = pinpointUITests;
			productReference = 2B63D9C92D6135B70042BCE7 /* pinpointUITests.xctest */;
			productType = "com.apple.product-type.bundle.ui-testing";
		};
/* End PBXNativeTarget section */

/* Begin PBXProject section */
		2B63D9A72D6135B60042BCE7 /* Project object */ = {
			isa = PBXProject;
			attributes = {
				BuildIndependentTargetsInParallel = 1;
				LastSwiftUpdateCheck = 1600;
				LastUpgradeCheck = 1600;
				TargetAttributes = {
					2B63D9AE2D6135B60042BCE7 = {
						CreatedOnToolsVersion = 16.0;
					};
					2B63D9BE2D6135B70042BCE7 = {
						CreatedOnToolsVersion = 16.0;
						TestTargetID = 2B63D9AE2D6135B60042BCE7;
					};
					2B63D9C82D6135B70042BCE7 = {
						CreatedOnToolsVersion = 16.0;
						TestTargetID = 2B63D9AE2D6135B60042BCE7;
					};
				};
			};
			buildConfigurationList = 2B63D9AA2D6135B60042BCE7 /* Build configuration list for PBXProject "pinpoint" */;
			developmentRegion = en;
			hasScannedForEncodings = 0;
			knownRegions = (
				en,
				Base,
			);
			mainGroup = 2B63D9A62D6135B60042BCE7;
			minimizedProjectReferenceProxies = 1;
			packageReferences = (
				2B06AC822D752D9B0004730A /* XCRemoteSwiftPackageReference "firebase-ios-sdk" */,
			);
			preferredProjectObjectVersion = 77;
			productRefGroup = 2B63D9B02D6135B60042BCE7 /* Products */;
			projectDirPath = "";
			projectRoot = "";
			targets = (
				2B63D9AE2D6135B60042BCE7 /* pinpoint */,
				2B63D9BE2D6135B70042BCE7 /* pinpointTests */,
				2B63D9C82D6135B70042BCE7 /* pinpointUITests */,
			);
		};
/* End PBXProject section */

/* Begin PBXResourcesBuildPhase section */
		2B63D9AD2D6135B60042BCE7 /* Resources */ = {
			isa = PBXResourcesBuildPhase;
			buildActionMask = 2147483647;
			files = (
			);
			runOnlyForDeploymentPostprocessing = 0;
		};
		2B63D9BD2D6135B70042BCE7 /* Resources */ = {
			isa = PBXResourcesBuildPhase;
			buildActionMask = 2147483647;
			files = (
			);
			runOnlyForDeploymentPostprocessing = 0;
		};
		2B63D9C72D6135B70042BCE7 /* Resources */ = {
			isa = PBXResourcesBuildPhase;
			buildActionMask = 2147483647;
			files = (
			);
			runOnlyForDeploymentPostprocessing = 0;
		};
/* End PBXResourcesBuildPhase section */

/* Begin PBXSourcesBuildPhase section */
		2B63D9AB2D6135B60042BCE7 /* Sources */ = {
			isa = PBXSourcesBuildPhase;
			buildActionMask = 2147483647;
			files = (
			);
			runOnlyForDeploymentPostprocessing = 0;
		};
		2B63D9BB2D6135B70042BCE7 /* Sources */ = {
			isa = PBXSourcesBuildPhase;
			buildActionMask = 2147483647;
			files = (
			);
			runOnlyForDeploymentPostprocessing = 0;
		};
		2B63D9C52D6135B70042BCE7 /* Sources */ = {
			isa = PBXSourcesBuildPhase;
			buildActionMask = 2147483647;
			files = (
			);
			runOnlyForDeploymentPostprocessing = 0;
		};
/* End PBXSourcesBuildPhase section */

/* Begin PBXTargetDependency section */
		2B63D9C12D6135B70042BCE7 /* PBXTargetDependency */ = {
			isa = PBXTargetDependency;
			target = 2B63D9AE2D6135B60042BCE7 /* pinpoint */;
			targetProxy = 2B63D9C02D6135B70042BCE7 /* PBXContainerItemProxy */;
		};
		2B63D9CB2D6135B70042BCE7 /* PBXTargetDependency */ = {
			isa = PBXTargetDependency;
			target = 2B63D9AE2D6135B60042BCE7 /* pinpoint */;
			targetProxy = 2B63D9CA2D6135B70042BCE7 /* PBXContainerItemProxy */;
		};
/* End PBXTargetDependency section */

/* Begin XCBuildConfiguration section */
		2B63D9D12D6135B70042BCE7 /* Debug */ = {
			isa = XCBuildConfiguration;
			buildSettings = {
				ALWAYS_SEARCH_USER_PATHS = NO;
				ASSETCATALOG_COMPILER_GENERATE_SWIFT_ASSET_SYMBOL_EXTENSIONS = YES;
				CLANG_ANALYZER_NONNULL = YES;
				CLANG_ANALYZER_NUMBER_OBJECT_CONVERSION = YES_AGGRESSIVE;
				CLANG_CXX_LANGUAGE_STANDARD = "gnu++20";
				CLANG_ENABLE_MODULES = YES;
				CLANG_ENABLE_OBJC_ARC = YES;
				CLANG_ENABLE_OBJC_WEAK = YES;
				CLANG_WARN_BLOCK_CAPTURE_AUTORELEASING = YES;
				CLANG_WARN_BOOL_CONVERSION = YES;
				CLANG_WARN_COMMA = YES;
				CLANG_WARN_CONSTANT_CONVERSION = YES;
				CLANG_WARN_DEPRECATED_OBJC_IMPLEMENTATIONS = YES;
				CLANG_WARN_DIRECT_OBJC_ISA_USAGE = YES_ERROR;
				CLANG_WARN_DOCUMENTATION_COMMENTS = YES;
				CLANG_WARN_EMPTY_BODY = YES;
				CLANG_WARN_ENUM_CONVERSION = YES;
				CLANG_WARN_INFINITE_RECURSION = YES;
				CLANG_WARN_INT_CONVERSION = YES;
				CLANG_WARN_NON_LITERAL_NULL_CONVERSION = YES;
				CLANG_WARN_OBJC_IMPLICIT_RETAIN_SELF = YES;
				CLANG_WARN_OBJC_LITERAL_CONVERSION = YES;
				CLANG_WARN_OBJC_ROOT_CLASS = YES_ERROR;
				CLANG_WARN_QUOTED_INCLUDE_IN_FRAMEWORK_HEADER = YES;
				CLANG_WARN_RANGE_LOOP_ANALYSIS = YES;
				CLANG_WARN_STRICT_PROTOTYPES = YES;
				CLANG_WARN_SUSPICIOUS_MOVE = YES;
				CLANG_WARN_UNGUARDED_AVAILABILITY = YES_AGGRESSIVE;
				CLANG_WARN_UNREACHABLE_CODE = YES;
				CLANG_WARN__DUPLICATE_METHOD_MATCH = YES;
				COPY_PHASE_STRIP = NO;
				DEBUG_INFORMATION_FORMAT = dwarf;
				ENABLE_STRICT_OBJC_MSGSEND = YES;
				ENABLE_TESTABILITY = YES;
				ENABLE_USER_SCRIPT_SANDBOXING = YES;
				GCC_C_LANGUAGE_STANDARD = gnu17;
				GCC_DYNAMIC_NO_PIC = NO;
				GCC_NO_COMMON_BLOCKS = YES;
				GCC_OPTIMIZATION_LEVEL = 0;
				GCC_PREPROCESSOR_DEFINITIONS = (
					"DEBUG=1",
					"$(inherited)",
				);
				GCC_WARN_64_TO_32_BIT_CONVERSION = YES;
				GCC_WARN_ABOUT_RETURN_TYPE = YES_ERROR;
				GCC_WARN_UNDECLARED_SELECTOR = YES;
				GCC_WARN_UNINITIALIZED_AUTOS = YES_AGGRESSIVE;
				GCC_WARN_UNUSED_FUNCTION = YES;
				GCC_WARN_UNUSED_VARIABLE = YES;
				IPHONEOS_DEPLOYMENT_TARGET = 18.0;
				LOCALIZATION_PREFERS_STRING_CATALOGS = YES;
				MTL_ENABLE_DEBUG_INFO = INCLUDE_SOURCE;
				MTL_FAST_MATH = YES;
				ONLY_ACTIVE_ARCH = YES;
				SDKROOT = iphoneos;
				SWIFT_ACTIVE_COMPILATION_CONDITIONS = "DEBUG $(inherited)";
				SWIFT_OPTIMIZATION_LEVEL = "-Onone";
			};
			name = Debug;
		};
		2B63D9D22D6135B70042BCE7 /* Release */ = {
			isa = XCBuildConfiguration;
			buildSettings = {
				ALWAYS_SEARCH_USER_PATHS = NO;
				ASSETCATALOG_COMPILER_GENERATE_SWIFT_ASSET_SYMBOL_EXTENSIONS = YES;
				CLANG_ANALYZER_NONNULL = YES;
				CLANG_ANALYZER_NUMBER_OBJECT_CONVERSION = YES_AGGRESSIVE;
				CLANG_CXX_LANGUAGE_STANDARD = "gnu++20";
				CLANG_ENABLE_MODULES = YES;
				CLANG_ENABLE_OBJC_ARC = YES;
				CLANG_ENABLE_OBJC_WEAK = YES;
				CLANG_WARN_BLOCK_CAPTURE_AUTORELEASING = YES;
				CLANG_WARN_BOOL_CONVERSION = YES;
				CLANG_WARN_COMMA = YES;
				CLANG_WARN_CONSTANT_CONVERSION = YES;
				CLANG_WARN_DEPRECATED_OBJC_IMPLEMENTATIONS = YES;
				CLANG_WARN_DIRECT_OBJC_ISA_USAGE = YES_ERROR;
				CLANG_WARN_DOCUMENTATION_COMMENTS = YES;
				CLANG_WARN_EMPTY_BODY = YES;
				CLANG_WARN_ENUM_CONVERSION = YES;
				CLANG_WARN_INFINITE_RECURSION = YES;
				CLANG_WARN_INT_CONVERSION = YES;
				CLANG_WARN_NON_LITERAL_NULL_CONVERSION = YES;
				CLANG_WARN_OBJC_IMPLICIT_RETAIN_SELF = YES;
				CLANG_WARN_OBJC_LITERAL_CONVERSION = YES;
				CLANG_WARN_OBJC_ROOT_CLASS = YES_ERROR;
				CLANG_WARN_QUOTED_INCLUDE_IN_FRAMEWORK_HEADER = YES;
				CLANG_WARN_RANGE_LOOP_ANALYSIS = YES;
				CLANG_WARN_STRICT_PROTOTYPES = YES;
				CLANG_WARN_SUSPICIOUS_MOVE = YES;
				CLANG_WARN_UNGUARDED_AVAILABILITY = YES_AGGRESSIVE;
				CLANG_WARN_UNREACHABLE_CODE = YES;
				CLANG_WARN__DUPLICATE_METHOD_MATCH = YES;
				COPY_PHASE_STRIP = NO;
				DEBUG_INFORMATION_FORMAT = "dwarf-with-dsym";
				ENABLE_NS_ASSERTIONS = NO;
				ENABLE_STRICT_OBJC_MSGSEND = YES;
				ENABLE_USER_SCRIPT_SANDBOXING = YES;
				GCC_C_LANGUAGE_STANDARD = gnu17;
				GCC_NO_COMMON_BLOCKS = YES;
				GCC_WARN_64_TO_32_BIT_CONVERSION = YES;
				GCC_WARN_ABOUT_RETURN_TYPE = YES_ERROR;
				GCC_WARN_UNDECLARED_SELECTOR = YES;
				GCC_WARN_UNINITIALIZED_AUTOS = YES_AGGRESSIVE;
				GCC_WARN_UNUSED_FUNCTION = YES;
				GCC_WARN_UNUSED_VARIABLE = YES;
				IPHONEOS_DEPLOYMENT_TARGET = 18.0;
				LOCALIZATION_PREFERS_STRING_CATALOGS = YES;
				MTL_ENABLE_DEBUG_INFO = NO;
				MTL_FAST_MATH = YES;
				SDKROOT = iphoneos;
				SWIFT_COMPILATION_MODE = wholemodule;
				VALIDATE_PRODUCT = YES;
			};
			name = Release;
		};
		2B63D9D42D6135B70042BCE7 /* Debug */ = {
			isa = XCBuildConfiguration;
			buildSettings = {
				ASSETCATALOG_COMPILER_APPICON_NAME = AppIcon;
				ASSETCATALOG_COMPILER_GLOBAL_ACCENT_COLOR_NAME = AccentColor;
				CODE_SIGN_STYLE = Automatic;
				CURRENT_PROJECT_VERSION = 1;
				DEVELOPMENT_ASSET_PATHS = "\"pinpoint/Preview Content\"";
				DEVELOPMENT_TEAM = NR7CALQHBC;
				ENABLE_PREVIEWS = YES;
				GENERATE_INFOPLIST_FILE = YES;
				INFOPLIST_KEY_UIApplicationSceneManifest_Generation = YES;
				INFOPLIST_KEY_UIApplicationSupportsIndirectInputEvents = YES;
				INFOPLIST_KEY_UILaunchScreen_Generation = YES;
				INFOPLIST_KEY_UISupportedInterfaceOrientations_iPad = "UIInterfaceOrientationPortrait UIInterfaceOrientationPortraitUpsideDown UIInterfaceOrientationLandscapeLeft UIInterfaceOrientationLandscapeRight";
				INFOPLIST_KEY_UISupportedInterfaceOrientations_iPhone = "UIInterfaceOrientationPortrait UIInterfaceOrientationLandscapeLeft UIInterfaceOrientationLandscapeRight";
				LD_RUNPATH_SEARCH_PATHS = (
					"$(inherited)",
					"@executable_path/Frameworks",
				);
				MARKETING_VERSION = 1.0;
				PRODUCT_BUNDLE_IDENTIFIER = ajayamohan.pinpoint;
				PRODUCT_NAME = "$(TARGET_NAME)";
				SWIFT_EMIT_LOC_STRINGS = YES;
				SWIFT_VERSION = 5.0;
				TARGETED_DEVICE_FAMILY = "1,2";
			};
			name = Debug;
		};
		2B63D9D52D6135B70042BCE7 /* Release */ = {
			isa = XCBuildConfiguration;
			buildSettings = {
				ASSETCATALOG_COMPILER_APPICON_NAME = AppIcon;
				ASSETCATALOG_COMPILER_GLOBAL_ACCENT_COLOR_NAME = AccentColor;
				CODE_SIGN_STYLE = Automatic;
				CURRENT_PROJECT_VERSION = 1;
				DEVELOPMENT_ASSET_PATHS = "\"pinpoint/Preview Content\"";
				DEVELOPMENT_TEAM = NR7CALQHBC;
				ENABLE_PREVIEWS = YES;
				GENERATE_INFOPLIST_FILE = YES;
				INFOPLIST_KEY_UIApplicationSceneManifest_Generation = YES;
				INFOPLIST_KEY_UIApplicationSupportsIndirectInputEvents = YES;
				INFOPLIST_KEY_UILaunchScreen_Generation = YES;
				INFOPLIST_KEY_UISupportedInterfaceOrientations_iPad = "UIInterfaceOrientationPortrait UIInterfaceOrientationPortraitUpsideDown UIInterfaceOrientationLandscapeLeft UIInterfaceOrientationLandscapeRight";
				INFOPLIST_KEY_UISupportedInterfaceOrientations_iPhone = "UIInterfaceOrientationPortrait UIInterfaceOrientationLandscapeLeft UIInterfaceOrientationLandscapeRight";
				LD_RUNPATH_SEARCH_PATHS = (
					"$(inherited)",
					"@executable_path/Frameworks",
				);
				MARKETING_VERSION = 1.0;
				PRODUCT_BUNDLE_IDENTIFIER = ajayamohan.pinpoint;
				PRODUCT_NAME = "$(TARGET_NAME)";
				SWIFT_EMIT_LOC_STRINGS = YES;
				SWIFT_VERSION = 5.0;
				TARGETED_DEVICE_FAMILY = "1,2";
			};
			name = Release;
		};
		2B63D9D72D6135B70042BCE7 /* Debug */ = {
			isa = XCBuildConfiguration;
			buildSettings = {
				BUNDLE_LOADER = "$(TEST_HOST)";
				CODE_SIGN_STYLE = Automatic;
				CURRENT_PROJECT_VERSION = 1;
				DEVELOPMENT_TEAM = NR7CALQHBC;
				GENERATE_INFOPLIST_FILE = YES;
				IPHONEOS_DEPLOYMENT_TARGET = 18.0;
				MARKETING_VERSION = 1.0;
				PRODUCT_BUNDLE_IDENTIFIER = ajayamohan.pinpointTests;
				PRODUCT_NAME = "$(TARGET_NAME)";
				SWIFT_EMIT_LOC_STRINGS = NO;
				SWIFT_VERSION = 5.0;
				TARGETED_DEVICE_FAMILY = "1,2";
				TEST_HOST = "$(BUILT_PRODUCTS_DIR)/pinpoint.app/$(BUNDLE_EXECUTABLE_FOLDER_PATH)/pinpoint";
			};
			name = Debug;
		};
		2B63D9D82D6135B70042BCE7 /* Release */ = {
			isa = XCBuildConfiguration;
			buildSettings = {
				BUNDLE_LOADER = "$(TEST_HOST)";
				CODE_SIGN_STYLE = Automatic;
				CURRENT_PROJECT_VERSION = 1;
				DEVELOPMENT_TEAM = NR7CALQHBC;
				GENERATE_INFOPLIST_FILE = YES;
				IPHONEOS_DEPLOYMENT_TARGET = 18.0;
				MARKETING_VERSION = 1.0;
				PRODUCT_BUNDLE_IDENTIFIER = ajayamohan.pinpointTests;
				PRODUCT_NAME = "$(TARGET_NAME)";
				SWIFT_EMIT_LOC_STRINGS = NO;
				SWIFT_VERSION = 5.0;
				TARGETED_DEVICE_FAMILY = "1,2";
				TEST_HOST = "$(BUILT_PRODUCTS_DIR)/pinpoint.app/$(BUNDLE_EXECUTABLE_FOLDER_PATH)/pinpoint";
			};
			name = Release;
		};
		2B63D9DA2D6135B70042BCE7 /* Debug */ = {
			isa = XCBuildConfiguration;
			buildSettings = {
				CODE_SIGN_STYLE = Automatic;
				CURRENT_PROJECT_VERSION = 1;
				DEVELOPMENT_TEAM = NR7CALQHBC;
				GENERATE_INFOPLIST_FILE = YES;
				MARKETING_VERSION = 1.0;
				PRODUCT_BUNDLE_IDENTIFIER = ajayamohan.pinpointUITests;
				PRODUCT_NAME = "$(TARGET_NAME)";
				SWIFT_EMIT_LOC_STRINGS = NO;
				SWIFT_VERSION = 5.0;
				TARGETED_DEVICE_FAMILY = "1,2";
				TEST_TARGET_NAME = pinpoint;
			};
			name = Debug;
		};
		2B63D9DB2D6135B70042BCE7 /* Release */ = {
			isa = XCBuildConfiguration;
			buildSettings = {
				CODE_SIGN_STYLE = Automatic;
				CURRENT_PROJECT_VERSION = 1;
				DEVELOPMENT_TEAM = NR7CALQHBC;
				GENERATE_INFOPLIST_FILE = YES;
				MARKETING_VERSION = 1.0;
				PRODUCT_BUNDLE_IDENTIFIER = ajayamohan.pinpointUITests;
				PRODUCT_NAME = "$(TARGET_NAME)";
				SWIFT_EMIT_LOC_STRINGS = NO;
				SWIFT_VERSION = 5.0;
				TARGETED_DEVICE_FAMILY = "1,2";
				TEST_TARGET_NAME = pinpoint;
			};
			name = Release;
		};
/* End XCBuildConfiguration section */

/* Begin XCConfigurationList section */
		2B63D9AA2D6135B60042BCE7 /* Build configuration list for PBXProject "pinpoint" */ = {
			isa = XCConfigurationList;
			buildConfigurations = (
				2B63D9D12D6135B70042BCE7 /* Debug */,
				2B63D9D22D6135B70042BCE7 /* Release */,
			);
			defaultConfigurationIsVisible = 0;
			defaultConfigurationName = Release;
		};
		2B63D9D32D6135B70042BCE7 /* Build configuration list for PBXNativeTarget "pinpoint" */ = {
			isa = XCConfigurationList;
			buildConfigurations = (
				2B63D9D42D6135B70042BCE7 /* Debug */,
				2B63D9D52D6135B70042BCE7 /* Release */,
			);
			defaultConfigurationIsVisible = 0;
			defaultConfigurationName = Release;
		};
		2B63D9D62D6135B70042BCE7 /* Build configuration list for PBXNativeTarget "pinpointTests" */ = {
			isa = XCConfigurationList;
			buildConfigurations = (
				2B63D9D72D6135B70042BCE7 /* Debug */,
				2B63D9D82D6135B70042BCE7 /* Release */,
			);
			defaultConfigurationIsVisible = 0;
			defaultConfigurationName = Release;
		};
		2B63D9D92D6135B70042BCE7 /* Build configuration list for PBXNativeTarget "pinpointUITests" */ = {
			isa = XCConfigurationList;
			buildConfigurations = (
				2B63D9DA2D6135B70042BCE7 /* Debug */,
				2B63D9DB2D6135B70042BCE7 /* Release */,
			);
			defaultConfigurationIsVisible = 0;
			defaultConfigurationName = Release;
		};
/* End XCConfigurationList section */

/* Begin XCRemoteSwiftPackageReference section */
		2B06AC822D752D9B0004730A /* XCRemoteSwiftPackageReference "firebase-ios-sdk" */ = {
			isa = XCRemoteSwiftPackageReference;
			repositoryURL = "https://github.com/firebase/firebase-ios-sdk.git";
			requirement = {
				kind = upToNextMajorVersion;
				minimumVersion = 11.9.0;
			};
		};
/* End XCRemoteSwiftPackageReference section */

/* Begin XCSwiftPackageProductDependency section */
		2B06AC832D752EC20004730A /* FirebaseAnalytics */ = {
			isa = XCSwiftPackageProductDependency;
			package = 2B06AC822D752D9B0004730A /* XCRemoteSwiftPackageReference "firebase-ios-sdk" */;
			productName = FirebaseAnalytics;
		};
		2B06AC852D752EC20004730A /* FirebaseAnalyticsOnDeviceConversion */ = {
			isa = XCSwiftPackageProductDependency;
			package = 2B06AC822D752D9B0004730A /* XCRemoteSwiftPackageReference "firebase-ios-sdk" */;
			productName = FirebaseAnalyticsOnDeviceConversion;
		};
		2B06AC872D752EC20004730A /* FirebaseAnalyticsWithoutAdIdSupport */ = {
			isa = XCSwiftPackageProductDependency;
			package = 2B06AC822D752D9B0004730A /* XCRemoteSwiftPackageReference "firebase-ios-sdk" */;
			productName = FirebaseAnalyticsWithoutAdIdSupport;
		};
		2B06AC892D752EC20004730A /* FirebaseAppCheck */ = {
			isa = XCSwiftPackageProductDependency;
			package = 2B06AC822D752D9B0004730A /* XCRemoteSwiftPackageReference "firebase-ios-sdk" */;
			productName = FirebaseAppCheck;
		};
		2B06AC8B2D752EC20004730A /* FirebaseAppDistribution-Beta */ = {
			isa = XCSwiftPackageProductDependency;
			package = 2B06AC822D752D9B0004730A /* XCRemoteSwiftPackageReference "firebase-ios-sdk" */;
			productName = "FirebaseAppDistribution-Beta";
		};
		2B06AC8D2D752EC20004730A /* FirebaseAuth */ = {
			isa = XCSwiftPackageProductDependency;
			package = 2B06AC822D752D9B0004730A /* XCRemoteSwiftPackageReference "firebase-ios-sdk" */;
			productName = FirebaseAuth;
		};
		2B06AC8F2D752EC20004730A /* FirebaseAuthCombine-Community */ = {
			isa = XCSwiftPackageProductDependency;
			package = 2B06AC822D752D9B0004730A /* XCRemoteSwiftPackageReference "firebase-ios-sdk" */;
			productName = "FirebaseAuthCombine-Community";
		};
		2B06AC912D752EC20004730A /* FirebaseCore */ = {
			isa = XCSwiftPackageProductDependency;
			package = 2B06AC822D752D9B0004730A /* XCRemoteSwiftPackageReference "firebase-ios-sdk" */;
			productName = FirebaseCore;
		};
		2B06AC932D752EC20004730A /* FirebaseCrashlytics */ = {
			isa = XCSwiftPackageProductDependency;
			package = 2B06AC822D752D9B0004730A /* XCRemoteSwiftPackageReference "firebase-ios-sdk" */;
			productName = FirebaseCrashlytics;
		};
		2B06AC952D752EC20004730A /* FirebaseDatabase */ = {
			isa = XCSwiftPackageProductDependency;
			package = 2B06AC822D752D9B0004730A /* XCRemoteSwiftPackageReference "firebase-ios-sdk" */;
			productName = FirebaseDatabase;
		};
		2B06AC972D752EC20004730A /* FirebaseDynamicLinks */ = {
			isa = XCSwiftPackageProductDependency;
			package = 2B06AC822D752D9B0004730A /* XCRemoteSwiftPackageReference "firebase-ios-sdk" */;
			productName = FirebaseDynamicLinks;
		};
		2B06AC992D752EC20004730A /* FirebaseFirestore */ = {
			isa = XCSwiftPackageProductDependency;
			package = 2B06AC822D752D9B0004730A /* XCRemoteSwiftPackageReference "firebase-ios-sdk" */;
			productName = FirebaseFirestore;
		};
		2B06AC9B2D752EC20004730A /* FirebaseFirestoreCombine-Community */ = {
			isa = XCSwiftPackageProductDependency;
			package = 2B06AC822D752D9B0004730A /* XCRemoteSwiftPackageReference "firebase-ios-sdk" */;
			productName = "FirebaseFirestoreCombine-Community";
		};
		2B06AC9D2D752EC20004730A /* FirebaseFunctions */ = {
			isa = XCSwiftPackageProductDependency;
			package = 2B06AC822D752D9B0004730A /* XCRemoteSwiftPackageReference "firebase-ios-sdk" */;
			productName = FirebaseFunctions;
		};
		2B06AC9F2D752EC20004730A /* FirebaseFunctionsCombine-Community */ = {
			isa = XCSwiftPackageProductDependency;
			package = 2B06AC822D752D9B0004730A /* XCRemoteSwiftPackageReference "firebase-ios-sdk" */;
			productName = "FirebaseFunctionsCombine-Community";
		};
		2B06ACA12D752EC20004730A /* FirebaseInAppMessaging-Beta */ = {
			isa = XCSwiftPackageProductDependency;
			package = 2B06AC822D752D9B0004730A /* XCRemoteSwiftPackageReference "firebase-ios-sdk" */;
			productName = "FirebaseInAppMessaging-Beta";
		};
		2B06ACA32D752EC20004730A /* FirebaseInstallations */ = {
			isa = XCSwiftPackageProductDependency;
			package = 2B06AC822D752D9B0004730A /* XCRemoteSwiftPackageReference "firebase-ios-sdk" */;
			productName = FirebaseInstallations;
		};
		2B06ACA52D752EC20004730A /* FirebaseMLModelDownloader */ = {
			isa = XCSwiftPackageProductDependency;
			package = 2B06AC822D752D9B0004730A /* XCRemoteSwiftPackageReference "firebase-ios-sdk" */;
			productName = FirebaseMLModelDownloader;
		};
		2B06ACA72D752EC20004730A /* FirebaseMessaging */ = {
			isa = XCSwiftPackageProductDependency;
			package = 2B06AC822D752D9B0004730A /* XCRemoteSwiftPackageReference "firebase-ios-sdk" */;
			productName = FirebaseMessaging;
		};
		2B06ACA92D752EC20004730A /* FirebasePerformance */ = {
			isa = XCSwiftPackageProductDependency;
			package = 2B06AC822D752D9B0004730A /* XCRemoteSwiftPackageReference "firebase-ios-sdk" */;
			productName = FirebasePerformance;
		};
		2B06ACAB2D752EC20004730A /* FirebaseRemoteConfig */ = {
			isa = XCSwiftPackageProductDependency;
			package = 2B06AC822D752D9B0004730A /* XCRemoteSwiftPackageReference "firebase-ios-sdk" */;
			productName = FirebaseRemoteConfig;
		};
		2B06ACAD2D752EC20004730A /* FirebaseStorage */ = {
			isa = XCSwiftPackageProductDependency;
			package = 2B06AC822D752D9B0004730A /* XCRemoteSwiftPackageReference "firebase-ios-sdk" */;
			productName = FirebaseStorage;
		};
		2B06ACAF2D752EC20004730A /* FirebaseStorageCombine-Community */ = {
			isa = XCSwiftPackageProductDependency;
			package = 2B06AC822D752D9B0004730A /* XCRemoteSwiftPackageReference "firebase-ios-sdk" */;
			productName = "FirebaseStorageCombine-Community";
		};
		2B06ACB12D752EC20004730A /* FirebaseVertexAI */ = {
			isa = XCSwiftPackageProductDependency;
			package = 2B06AC822D752D9B0004730A /* XCRemoteSwiftPackageReference "firebase-ios-sdk" */;
			productName = FirebaseVertexAI;
		};
/* End XCSwiftPackageProductDependency section */
	};
	rootObject = 2B63D9A72D6135B60042BCE7 /* Project object */;
}
